hash: 71bc52ebf954715a79c022bcf11bb954d78aad2fc98d36040cadb2050d289060
updated: 2018-01-10T10:02:09.311678+07:00
imports:
- name: github.com/miekg/dns
  version: 552716c114b8ea7d27dad6c511e441937577fa62
- name: github.com/patrickmn/go-cache
  version: a3647f8e31d79543b2d0f0ae2fe5c379d72cedc0
- name: golang.org/x/crypto
  version: 0fcca4842a8d74bfddc2c96a073bd2a4d2a7a2e8
  subpackages:
  - ed25519
  - ed25519/internal/edwards25519
- name: golang.org/x/net
  version: 434ec0c7fe3742c984919a691b2018a6e9694425
  subpackages:
  - bpf
  - internal/iana
  - internal/socket
  - ipv4
  - ipv6
  - publicsuffix
testImports: []
